{
  "name": "rua-coin-web",
  "lockfileVersion": 3,
  "requires": true,
  "packages": {
    "": {
      "dependencies": {
        "@klinecharts/pro": "^0.1.1",
        "klinecharts": "^9.8.12",
        "react-tradingview-widget": "^1.3.2"
      }
    },
    "node_modules/@klinecharts/pro": {
      "version": "0.1.1",
      "resolved": "https://registry.npmmirror.com/@klinecharts/pro/-/pro-0.1.1.tgz",
      "integrity": "sha512-ChKW0/ra183CFKevzWSn1HwrLY3YOpERA8wfso+MMTyTYKEKx8Sd7gFTr5Hfn6R4MVru7xSlUHsqjlq/WpXrVA==",
      "license": "Apache-2.0",
      "dependencies": {
        "lodash": "^4.17.21",
        "solid-js": "^1.6.11"
      },
      "peerDependencies": {
        "klinecharts": ">=9.0.0"
      }
    },
    "node_modules/csstype": {
      "version": "3.1.3",
      "resolved": "https://registry.npmmirror.com/csstype/-/csstype-3.1.3.tgz",
      "integrity": "sha512-M1uQkMl8rQK/szD0LNhtqxIPLpimGm8sOBwU7lLnCpSbTyY3yeU1Vc7l4KT5zT4s/yOxHH5O7tIuuLOCnLADRw==",
      "license": "MIT"
    },
    "node_modules/js-tokens": {
      "version": "4.0.0",
      "resolved": "https://registry.npmjs.org/js-tokens/-/js-tokens-4.0.0.tgz",
      "integrity": "sha512-RdJUflcE3cUzKiMqQgsCu06FPu9UdIJO0beYbPhHN4k6apgJtifcoCtT9bcxOpYBtpD2kCM6Sbzg4CausW/PKQ==",
      "license": "MIT",
      "peer": true
    },
    "node_modules/klinecharts": {
      "version": "9.8.12",
      "resolved": "https://registry.npmmirror.com/klinecharts/-/klinecharts-9.8.12.tgz",
      "integrity": "sha512-yKLWMliwwIsiQsAI8geNOkE8P6SFsvaa0leX2isgB4Y1SvM3tS6Y9pe7ZbKkiLtOE0P0W9W9wb0M2wH0xAPG7w==",
      "license": "Apache-2.0",
      "engines": {
        "node": ">=0.10.0"
      }
    },
    "node_modules/lodash": {
      "version": "4.17.21",
      "resolved": "https://registry.npmmirror.com/lodash/-/lodash-4.17.21.tgz",
      "integrity": "sha512-v2kDEe57lecTulaDIuNTPy3Ry4gLGJ6Z1O3vE1krgXZNrsQ+LFTGHVxVjcXPs17LhbZVGedAJv8XZ1tvj5FvSg==",
      "license": "MIT"
    },
    "node_modules/loose-envify": {
      "version": "1.4.0",
      "resolved": "https://registry.npmjs.org/loose-envify/-/loose-envify-1.4.0.tgz",
      "integrity": "sha512-lyuxPGr/Wfhrlem2CL/UcnUc1zcqKAImBDzukY7Y5F/yQiNdko6+fRLevlw1HgMySw7f611UIY408EtxRSoK3Q==",
      "license": "MIT",
      "peer": true,
      "dependencies": {
        "js-tokens": "^3.0.0 || ^4.0.0"
      },
      "bin": {
        "loose-envify": "cli.js"
      }
    },
    "node_modules/object-assign": {
      "version": "4.1.1",
      "resolved": "https://registry.npmjs.org/object-assign/-/object-assign-4.1.1.tgz",
      "integrity": "sha512-rJgTQnkUnH1sFw8yT6VSU3zD3sWmu6sZhIseY8VX+GRu3P6F7Fu+JNDoXfklElbLJSnc3FUQHVe4cU5hj+BcUg==",
      "license": "MIT",
      "peer": true,
      "engines": {
        "node": ">=0.10.0"
      }
    },
    "node_modules/prop-types": {
      "version": "15.8.1",
      "resolved": "https://registry.npmjs.org/prop-types/-/prop-types-15.8.1.tgz",
      "integrity": "sha512-oj87CgZICdulUohogVAR7AjlC0327U4el4L6eAvOqCeudMDVU0NThNaV+b9Df4dXgSP1gXMTnPdhfe/2qDH5cg==",
      "license": "MIT",
      "peer": true,
      "dependencies": {
        "loose-envify": "^1.4.0",
        "object-assign": "^4.1.1",
        "react-is": "^16.13.1"
      }
    },
    "node_modules/react": {
      "version": "16.14.0",
      "resolved": "https://registry.npmjs.org/react/-/react-16.14.0.tgz",
      "integrity": "sha512-0X2CImDkJGApiAlcf0ODKIneSwBPhqJawOa5wCtKbu7ZECrmS26NvtSILynQ66cgkT/RJ4LidJOc3bUESwmU8g==",
      "license": "MIT",
      "peer": true,
      "dependencies": {
        "loose-envify": "^1.1.0",
        "object-assign": "^4.1.1",
        "prop-types": "^15.6.2"
      },
      "engines": {
        "node": ">=0.10.0"
      }
    },
    "node_modules/react-dom": {
      "version": "16.14.0",
      "resolved": "https://registry.npmjs.org/react-dom/-/react-dom-16.14.0.tgz",
      "integrity": "sha512-1gCeQXDLoIqMgqD3IO2Ah9bnf0w9kzhwN5q4FGnHZ67hBm9yePzB5JJAIQCc8x3pFnNlwFq4RidZggNAAkzWWw==",
      "license": "MIT",
      "peer": true,
      "dependencies": {
        "loose-envify": "^1.1.0",
        "object-assign": "^4.1.1",
        "prop-types": "^15.6.2",
        "scheduler": "^0.19.1"
      },
      "peerDependencies": {
        "react": "^16.14.0"
      }
    },
    "node_modules/react-is": {
      "version": "16.13.1",
      "resolved": "https://registry.npmjs.org/react-is/-/react-is-16.13.1.tgz",
      "integrity": "sha512-24e6ynE2H+OKt4kqsOvNd8kBpV65zoxbA4BVsEOB3ARVWQki/DHzaUoC5KuON/BiccDaCCTZBuOcfZs70kR8bQ==",
      "license": "MIT",
      "peer": true
    },
    "node_modules/react-tradingview-widget": {
      "version": "1.3.2",
      "resolved": "https://registry.npmjs.org/react-tradingview-widget/-/react-tradingview-widget-1.3.2.tgz",
      "integrity": "sha512-PQSf2G0zkw9AmE8BlzqNbkzv8GvmJssf+bklG9qal2xQOPVOJ8BHUa7PJuhPfINWvv+h4vKUsj2mdDu9iOOwew==",
      "license": "MIT",
      "peerDependencies": {
        "prop-types": "^15.6.0",
        "react": "^16.0.0",
        "react-dom": "^16.0.0"
      }
    },
    "node_modules/scheduler": {
      "version": "0.19.1",
      "resolved": "https://registry.npmjs.org/scheduler/-/scheduler-0.19.1.tgz",
      "integrity": "sha512-n/zwRWRYSUj0/3g/otKDRPMh6qv2SYMWNq85IEa8iZyAv8od9zDYpGSnpBEjNgcMNq6Scbu5KfIPxNF72R/2EA==",
      "license": "MIT",
      "peer": true,
      "dependencies": {
        "loose-envify": "^1.1.0",
        "object-assign": "^4.1.1"
      }
    },
    "node_modules/seroval": {
      "version": "1.3.2",
      "resolved": "https://registry.npmmirror.com/seroval/-/seroval-1.3.2.tgz",
      "integrity": "sha512-RbcPH1n5cfwKrru7v7+zrZvjLurgHhGyso3HTyGtRivGWgYjbOmGuivCQaORNELjNONoK35nj28EoWul9sb1zQ==",
      "license": "MIT",
      "engines": {
        "node": ">=10"
      }
    },
    "node_modules/seroval-plugins": {
      "version": "1.3.2",
      "resolved": "https://registry.npmmirror.com/seroval-plugins/-/seroval-plugins-1.3.2.tgz",
      "integrity": "sha512-0QvCV2lM3aj/U3YozDiVwx9zpH0q8A60CTWIv4Jszj/givcudPb48B+rkU5D51NJ0pTpweGMttHjboPa9/zoIQ==",
      "license": "MIT",
      "engines": {
        "node": ">=10"
      },
      "peerDependencies": {
        "seroval": "^1.0"
      }
    },
    "node_modules/solid-js": {
      "version": "1.9.7",
      "resolved": "https://registry.npmmirror.com/solid-js/-/solid-js-1.9.7.tgz",
      "integrity": "sha512-/saTKi8iWEM233n5OSi1YHCCuh66ZIQ7aK2hsToPe4tqGm7qAejU1SwNuTPivbWAYq7SjuHVVYxxuZQNRbICiw==",
      "license": "MIT",
      "dependencies": {
        "csstype": "^3.1.0",
        "seroval": "~1.3.0",
        "seroval-plugins": "~1.3.0"
      }
    }
  }
}
